// !$*UTF8*$!
{
	archiveVersion = 1;
	classes = {
	};
	objectVersion = 77;
	objects = {

/* Begin PBXBuildFile section */
		00DFED8633DF38E283A45281 /* PictureOrdinals.swift in Sources */ = {isa = PBXBuildFile; fileRef = 0104B1F51E468E0700631EB4 /* PictureOrdinals.swift */; };
		04A77776258C30F47925C094 /* ShareSession.swift in Sources */ = {isa = PBXBuildFile; fileRef = EDABF669C9116E76792D7121 /* ShareSession.swift */; };
		076C5354D0FE451D29C5D120 /* FormattersTests.swift in Sources */ = {isa = PBXBuildFile; fileRef = 05118145DABE8E21E855E539 /* FormattersTests.swift */; };
		087ECFAF7D87DF1543140620 /* StorageUsage.swift in Sources */ = {isa = PBXBuildFile; fileRef = CC4038A95F76F1C216525D10 /* StorageUsage.swift */; };
		0A99BE83D715A5212B671B1B /* StreamThrottleTests.swift in Sources */ = {isa = PBXBuildFile; fileRef = 4517B39D2DA20FF51F7B5A4E /* StreamThrottleTests.swift */; };
		0C4B03564C192139377727A4 /* ChartPlanner.swift in Sources */ = {isa = PBXBuildFile; fileRef = 880F4A1CAA1B44B12DA4E27A /* ChartPlanner.swift */; };
		0CCBF4E10B05F10B67FF7CB7 /* ChartPlanTests.swift in Sources */ = {isa = PBXBuildFile; fileRef = 1AC0124D91937869DCEFE76C /* ChartPlanTests.swift */; };
		0CFE9D883933524A5EB54CB4 /* WAVCodecTests.swift in Sources */ = {isa = PBXBuildFile; fileRef = 6B2998A608A6B454B7039E39 /* WAVCodecTests.swift */; };
		0D4FE04012E1D23C846EFC8E /* FollowUpResolver.swift in Sources */ = {isa = PBXBuildFile; fileRef = 12E9541771397A034E30C573 /* FollowUpResolver.swift */; };
		0E5C22474418C00BFD7668AF /* DebugFlowTests.swift in Sources */ = {isa = PBXBuildFile; fileRef = 8D50C9CEE0B920C6F5219845 /* DebugFlowTests.swift */; };
		143B3025ED6B281C35EAE1A0 /* MarkdownRenderer.swift in Sources */ = {isa = PBXBuildFile; fileRef = 61DBC88DD7052633B9C10BA1 /* MarkdownRenderer.swift */; };
		14720212BBA51913895624F4 /* PictureOrdinalsTests.swift in Sources */ = {isa = PBXBuildFile; fileRef = 6BA2C5A8DFE2EEFC94C959EA /* PictureOrdinalsTests.swift */; };
		1791812751BC07BE95A70C57 /* AnswerHTML.swift in Sources */ = {isa = PBXBuildFile; fileRef = F116BB3E3ACD7082F12E8DF8 /* AnswerHTML.swift */; };
		19F7DEC490D7611636F633C4 /* SystemPrompt.swift in Sources */ = {isa = PBXBuildFile; fileRef = 2E1B631FF83274A2BAC3EAC4 /* SystemPrompt.swift */; };
		1CB4F6BBF6FE7FBA797A88E3 /* CalendarChoiceTests.swift in Sources */ = {isa = PBXBuildFile; fileRef = 2AFED3E44AC10CB45825094A /* CalendarChoiceTests.swift */; };
		1D5146FFBBC9FB734243ADD1 /* AnswerError.swift in Sources */ = {isa = PBXBuildFile; fileRef = 549B4ABEDC9CB61EE0D3AC21 /* AnswerError.swift */; };
		24EA44FDEEE5CEF46CACA147 /* DebugFeatureProbes.swift in Sources */ = {isa = PBXBuildFile; fileRef = A072E78E681BD416A2E58F3E /* DebugFeatureProbes.swift */; };
		27049FFD91EC60CC9AC85F84 /* SystemPromptTests.swift in Sources */ = {isa = PBXBuildFile; fileRef = FC62B1DD6F8C5335DBC98914 /* SystemPromptTests.swift */; };
		2887B9BB59B2B6B242FB91A4 /* GwenMobileApp.swift in Sources */ = {isa = PBXBuildFile; fileRef = 0F8D35447512097A7A6329DD /* GwenMobileApp.swift */; };
		29F9BFD045F44DDFD980469E /* ConversationPersistence.swift in Sources */ = {isa = PBXBuildFile; fileRef = 71F8AF8F5DF27269B921E58E /* ConversationPersistence.swift */; };
		2A48BE12FC0D4FA84BFC0338 /* RealtimeClient.swift in Sources */ = {isa = PBXBuildFile; fileRef = C624A9D2BB79A65ECD118A0A /* RealtimeClient.swift */; };
		2D07413EC911A8CE3F815B92 /* ThinkingProbeTests.swift in Sources */ = {isa = PBXBuildFile; fileRef = CB8DFE32274EFD42D656D4BC /* ThinkingProbeTests.swift */; };
		2FBA7C55E37B7478597F710E /* ProcessingIndicator.swift in Sources */ = {isa = PBXBuildFile; fileRef = 4405A48129193BDCBCA9499E /* ProcessingIndicator.swift */; };
		30F8A34300C813A43C157CBD /* L10n.swift in Sources */ = {isa = PBXBuildFile; fileRef = CE3F063E06C313BC2E176E62 /* L10n.swift */; };
		317AE1D5C714BE792E90567D /* ThinkingLevelTests.swift in Sources */ = {isa = PBXBuildFile; fileRef = FBBB67FD5A7B8CF683FCD4D3 /* ThinkingLevelTests.swift */; };
		32E2AD0548CA060AF328C825 /* ImageZoomScrollView.swift in Sources */ = {isa = PBXBuildFile; fileRef = 2DA6C75B93C0F33EEEEDDC73 /* ImageZoomScrollView.swift */; };
		34D9A1E618C94827989B0ED2 /* CameraPresenter.swift in Sources */ = {isa = PBXBuildFile; fileRef = 270F477AC1CF86ABB1F5C375 /* CameraPresenter.swift */; };
		3661BE87F511AEFBE425E83B /* MarkdownRendererTests.swift in Sources */ = {isa = PBXBuildFile; fileRef = 2A429026AB2FF9C46D316118 /* MarkdownRendererTests.swift */; };
		3AA40823ABB91EBB17B251C6 /* ConversationPersistenceTests.swift in Sources */ = {isa = PBXBuildFile; fileRef = 70992FC1E27FBE8069A88DB3 /* ConversationPersistenceTests.swift */; };
		3AB5ACC9E434FC8C4962C004 /* DebugShareProbe.swift in Sources */ = {isa = PBXBuildFile; fileRef = EE6B8CDC2FBB8C2C9CF439D1 /* DebugShareProbe.swift */; };
		3C302BFBF7BBB0E2EB26E740 /* SpeechSynthesizer.swift in Sources */ = {isa = PBXBuildFile; fileRef = A26A251442708D3DF484C47F /* SpeechSynthesizer.swift */; };
		401CF7474F5CEC776A42ADB2 /* RatioStore.swift in Sources */ = {isa = PBXBuildFile; fileRef = F9E745269CBF0FB25E6731C1 /* RatioStore.swift */; };
		444B91184F8A81D6C3B8A8F0 /* HTTP.swift in Sources */ = {isa = PBXBuildFile; fileRef = 55E59A0B8C96A584C02462FA /* HTTP.swift */; };
		469A807F9456930643A6FC3F /* UndoBarHostTests.swift in Sources */ = {isa = PBXBuildFile; fileRef = 7F155EC217D110B3F3C0FD43 /* UndoBarHostTests.swift */; };
		4716818C0A85F832DBD1F518 /* HistoryView.swift in Sources */ = {isa = PBXBuildFile; fileRef = 92CCA7B22E673EC72E40E733 /* HistoryView.swift */; };
		471EBD8FACE73E6509EC8BDA /* ImagePromptComposer.swift in Sources */ = {isa = PBXBuildFile; fileRef = 67A21F98D498BB1D1E55E6CA /* ImagePromptComposer.swift */; };
		47398D8331EB6808BD012259 /* RequestBuildingTests.swift in Sources */ = {isa = PBXBuildFile; fileRef = 9E76BA900513E7D50BAF877E /* RequestBuildingTests.swift */; };
		47A7221105822086F551393D /* StreamRetryTests.swift in Sources */ = {isa = PBXBuildFile; fileRef = 0C0DD9E55563BC9C46D972B5 /* StreamRetryTests.swift */; };
		48286D2CCE40064F4EEC569A /* APIErrorParserTests.swift in Sources */ = {isa = PBXBuildFile; fileRef = 9E99C97E1CA0486DB1D6D294 /* APIErrorParserTests.swift */; };
		4844D70D014BF78CCF7E9974 /* ChartPlan.swift in Sources */ = {isa = PBXBuildFile; fileRef = 8C8AF2DD998AA6FBC3331B9F /* ChartPlan.swift */; };
		49E74133E16A326A72A7DA9A /* ImageViewerTests.swift in Sources */ = {isa = PBXBuildFile; fileRef = 60A917A30671FA37834CCF6E /* ImageViewerTests.swift */; };
		49FDE155C1FBBCF8B3E3E3C3 /* DebugViewerProbe.swift in Sources */ = {isa = PBXBuildFile; fileRef = 5A7A79E04D4A30F8FC9ADC3F /* DebugViewerProbe.swift */; };
		4ACE80CB7B02FE10F06A3082 /* Offload.swift in Sources */ = {isa = PBXBuildFile; fileRef = 7F06AB77A6791536D2E7528C /* Offload.swift */; };
		4B688D44257C3FD47EED97BC /* ConversationTranscript.swift in Sources */ = {isa = PBXBuildFile; fileRef = F1334F2B33B0342B96680A23 /* ConversationTranscript.swift */; };
		4BC26C14C6614AB730058530 /* HistoryCleanerTests.swift in Sources */ = {isa = PBXBuildFile; fileRef = CEE952B9C0D6B31F62640B5B /* HistoryCleanerTests.swift */; };
		4CEB93157A74A56164DE13BD /* ResearchContextTests.swift in Sources */ = {isa = PBXBuildFile; fileRef = 0CE269E9FCE43CC1CA29C0FD /* ResearchContextTests.swift */; };
		517AB5F6E6DFFE45063C194F /* ConversationTranscriptTests.swift in Sources */ = {isa = PBXBuildFile; fileRef = 14A60AAFF73434B047B4B2E8 /* ConversationTranscriptTests.swift */; };
		529C6EAA82003351C6BFF051 /* PictureDirectorTests.swift in Sources */ = {isa = PBXBuildFile; fileRef = 0B187E8EE18A8947D16AF793 /* PictureDirectorTests.swift */; };
		56BB4799B86251640FEBA0A4 /* Formatters.swift in Sources */ = {isa = PBXBuildFile; fileRef = 5F80C4061C04E8F1A328C24B /* Formatters.swift */; };
		5856F4385D9902CF57E8D67A /* WAVCodec.swift in Sources */ = {isa = PBXBuildFile; fileRef = 052389F9C1DDDC724794A144 /* WAVCodec.swift */; };
		5AA8E73415E6A637CFE8FD43 /* Bubble.swift in Sources */ = {isa = PBXBuildFile; fileRef = 089BC76D609665E27CBC7DC1 /* Bubble.swift */; };
		5DF6EFE75B15658926C7E022 /* WebResearch.swift in Sources */ = {isa = PBXBuildFile; fileRef = 1BF54EEA2D10B34E5361DA06 /* WebResearch.swift */; };
		5E3AC814113E953824FFF5C8 /* ImageViewerModel.swift in Sources */ = {isa = PBXBuildFile; fileRef = FC98D43495B1E6BEB7D33FF2 /* ImageViewerModel.swift */; };
		5FD429C1BB22B587E82E21D0 /* SettingsView.swift in Sources */ = {isa = PBXBuildFile; fileRef = 7F8105DD5A3827046E43EF23 /* SettingsView.swift */; };
		60B50503CC845D58A4B9A9BF /* TestSandbox.swift in Sources */ = {isa = PBXBuildFile; fileRef = A20E5D9827638882479687CB /* TestSandbox.swift */; };
		6209C543B6535A2053D815EA /* ProcessingRhythmTests.swift in Sources */ = {isa = PBXBuildFile; fileRef = F2B66328ED6A12479F1B8427 /* ProcessingRhythmTests.swift */; };
		67181EB4A29BEB667F2B3C83 /* Presenter.swift in Sources */ = {isa = PBXBuildFile; fileRef = E9AC1423B4C5813DB9D20719 /* Presenter.swift */; };
		67DEA5FFE1DEDFFDC6E12B92 /* ModelFilterTests.swift in Sources */ = {isa = PBXBuildFile; fileRef = E08FF257303AA4B9C3AB6E8B /* ModelFilterTests.swift */; };
		6A469E31EE3B5AB4B2D7549D /* VoiceTranscriber.swift in Sources */ = {isa = PBXBuildFile; fileRef = CB2565E25857474CC58E1991 /* VoiceTranscriber.swift */; };
		700A024680074394EE139F63 /* ConversationMemoryTests.swift in Sources */ = {isa = PBXBuildFile; fileRef = EBCEC613D88C58CDBEC6402C /* ConversationMemoryTests.swift */; };
		737A67D2F1AFE983CEFEA500 /* ImageFeed.swift in Sources */ = {isa = PBXBuildFile; fileRef = 7486036C22301522531F6E2A /* ImageFeed.swift */; };
		784DEB053D973191B37B286F /* APIError.swift in Sources */ = {isa = PBXBuildFile; fileRef = C3D2BEB898C52C42DCD42839 /* APIError.swift */; };
		7A1E8CA33DF6998453246F3C /* ChartIntent.swift in Sources */ = {isa = PBXBuildFile; fileRef = A41D77853681D45B65CC5845 /* ChartIntent.swift */; };
		7A98879DE1734DE4DD1CB2E0 /* CalendarPlanRefiner.swift in Sources */ = {isa = PBXBuildFile; fileRef = 18AA9867B6BED6F3530B4D27 /* CalendarPlanRefiner.swift */; };
		7C9B438ABAAABADE97E3DA39 /* Assets.xcassets in Resources */ = {isa = PBXBuildFile; fileRef = 8A3F6A3BD2249D02B203E0F0 /* Assets.xcassets */; };
		7ED0792C1A849C6FB87D512A /* ShareSessionTests.swift in Sources */ = {isa = PBXBuildFile; fileRef = C4E5735E6ED7AB9DF39F7EE0 /* ShareSessionTests.swift */; };
		802A4CBBAADB6CC4B67DC26D /* VisionProbeTests.swift in Sources */ = {isa = PBXBuildFile; fileRef = 60DAF17D001F3A19BF24BFAA /* VisionProbeTests.swift */; };
		83D500F25448767D5807F18F /* ChatBubbles.swift in Sources */ = {isa = PBXBuildFile; fileRef = B72D93E76E44ECD656357458 /* ChatBubbles.swift */; };
		88F317E1FD375B534703A365 /* ChatRunner.swift in Sources */ = {isa = PBXBuildFile; fileRef = 51EA00E69358500C8D73DB27 /* ChatRunner.swift */; };
		891D1A5968CD2D5BBAC94338 /* ImagePreviewTarget.swift in Sources */ = {isa = PBXBuildFile; fileRef = 543F40245D441986111984E2 /* ImagePreviewTarget.swift */; };
		8B03EA257CE26DC91207A90A /* ChatMarkersTests.swift in Sources */ = {isa = PBXBuildFile; fileRef = 2D422356F81D1F6A07FA7B7C /* ChatMarkersTests.swift */; };
		9100D965DEFC09EBFF911759 /* IntentHeuristics.swift in Sources */ = {isa = PBXBuildFile; fileRef = CEA4C4B955DF23F1A2A69D5C /* IntentHeuristics.swift */; };
		9604BFC3404EAB5E85173CA5 /* StorageTests.swift in Sources */ = {isa = PBXBuildFile; fileRef = FDCB53F816AD72AB27BC0BF4 /* StorageTests.swift */; };
		967558827196F54A0A1F630C /* ConversationMemory.swift in Sources */ = {isa = PBXBuildFile; fileRef = 1362711493C882AC5E8C48F2 /* ConversationMemory.swift */; };
		9EE5FF1CA98B727F27C313B4 /* FollowUpResolverTests.swift in Sources */ = {isa = PBXBuildFile; fileRef = 543DF03E424F43C53BBF8011 /* FollowUpResolverTests.swift */; };
		A3C6BB4D4E0EB7505C4500D3 /* CalendarChoice.swift in Sources */ = {isa = PBXBuildFile; fileRef = 7F7FEDD24AF74526BD1E451A /* CalendarChoice.swift */; };
		A479D0B272583185A7FF7CDB /* ModelProbe.swift in Sources */ = {isa = PBXBuildFile; fileRef = 202EE3DA7543A77E34C906F6 /* ModelProbe.swift */; };
		A7BAA2C7E18560269ED93F83 /* AnswerErrorTests.swift in Sources */ = {isa = PBXBuildFile; fileRef = 4D85DFDA39B9A8282E193770 /* AnswerErrorTests.swift */; };
		A9BC3B4FF34AD306BB49C4E8 /* ChatStore.swift in Sources */ = {isa = PBXBuildFile; fileRef = ADB8E2EC6319FF4173AC9234 /* ChatStore.swift */; };
		A9E6CB5F64DA4B2D02A7C4BD /* CalendarAuthorizationTests.swift in Sources */ = {isa = PBXBuildFile; fileRef = ECA64393C8BD2DFBE57235A0 /* CalendarAuthorizationTests.swift */; };
		AB14D0C423A1B0A1E605E402 /* ChatView.swift in Sources */ = {isa = PBXBuildFile; fileRef = A72E0573A2F6F4996E7CDF11 /* ChatView.swift */; };
		AECB486825A76ACFF9A964E3 /* ImageDelivery.swift in Sources */ = {isa = PBXBuildFile; fileRef = C453447EEA85DE910E7C2D0B /* ImageDelivery.swift */; };
		AF6DDAC9CF2C69F8E4A6A95B /* Flag.swift in Sources */ = {isa = PBXBuildFile; fileRef = 0A297A51FD755F484CF4EF62 /* Flag.swift */; };
		B02A660F5B3CC0D0729F4C09 /* ForegroundReturnTrackerTests.swift in Sources */ = {isa = PBXBuildFile; fileRef = 376AE28A6EF2867DCDD0BB88 /* ForegroundReturnTrackerTests.swift */; };
		B21D5B1A805BE89CBC31DE59 /* AnswerExporterTests.swift in Sources */ = {isa = PBXBuildFile; fileRef = 6A2E9DA1681EEAADA66FFBE1 /* AnswerExporterTests.swift */; };
		B499B6BE758F361CB741A9B2 /* ThinkingProbe.swift in Sources */ = {isa = PBXBuildFile; fileRef = 9E9F7C7FCABBA9E279073FFC /* ThinkingProbe.swift */; };
		B49FE81D14B42F3BE5590FC8 /* ForegroundReturnTracker.swift in Sources */ = {isa = PBXBuildFile; fileRef = 1722033F7FF4EF19930BA566 /* ForegroundReturnTracker.swift */; };
		B4E600BCF07641BD03C860BC /* PerfMonitoring.swift in Sources */ = {isa = PBXBuildFile; fileRef = 673C379E9F2E2A39692BF3C3 /* PerfMonitoring.swift */; };
		B6363BBBD307D1A4E4900DB6 /* CalendarKit.swift in Sources */ = {isa = PBXBuildFile; fileRef = C4FB8DA772DC048E33BE964A /* CalendarKit.swift */; };
		B6EA81C47137497A80870EE4 /* Settings.swift in Sources */ = {isa = PBXBuildFile; fileRef = 6CE58309DD21F20B163C2434 /* Settings.swift */; };
		B880113A0A161ED301CBBDA7 /* ChatResponse.swift in Sources */ = {isa = PBXBuildFile; fileRef = 03854A980E5863E4413BF506 /* ChatResponse.swift */; };
		BC2E76669B13C2E6BCA36A1A /* QwenAPI.swift in Sources */ = {isa = PBXBuildFile; fileRef = 74FFB9D8E673D0DF55284898 /* QwenAPI.swift */; };
		BE2C80037EB90E230D61DCFA /* CalendarPlanRefinerTests.swift in Sources */ = {isa = PBXBuildFile; fileRef = CD671FC1504CEF0B881A3734 /* CalendarPlanRefinerTests.swift */; };
		BF67FD489E4231CD1D805E73 /* HTTPTransportTests.swift in Sources */ = {isa = PBXBuildFile; fileRef = AD3A451CC17431D7E40C3527 /* HTTPTransportTests.swift */; };
		C0738CBBFA40E347C2145DFC /* UndoBar.swift in Sources */ = {isa = PBXBuildFile; fileRef = 710C9082A5C93B6F4B77A474 /* UndoBar.swift */; };
		C26FDF35E704138EC95F2BE6 /* ZoomableImageView.swift in Sources */ = {isa = PBXBuildFile; fileRef = 9502D4E28A63EAD06721FE83 /* ZoomableImageView.swift */; };
		C3B19AF981810301D86617E7 /* AnswerHTMLTests.swift in Sources */ = {isa = PBXBuildFile; fileRef = 1CF9BE5BC8A3C270BE72800F /* AnswerHTMLTests.swift */; };
		CA539A27125961338D5BB704 /* StoragePaths.swift in Sources */ = {isa = PBXBuildFile; fileRef = 149775607E2842B7A37A3DE6 /* StoragePaths.swift */; };
		CA643313BC2ABC15690446B7 /* PictureDirector.swift in Sources */ = {isa = PBXBuildFile; fileRef = FE53ADAAF364ED6BFB2AEE73 /* PictureDirector.swift */; };
		CC1FD5FED96DCFFE5397E101 /* MediaStore.swift in Sources */ = {isa = PBXBuildFile; fileRef = F58030CA63D9F5D3B6D732E0 /* MediaStore.swift */; };
		CE3204521E67734D0FF87D5C /* HistoryCleaner.swift in Sources */ = {isa = PBXBuildFile; fileRef = 9E1E00464A7C29B48F3A54F1 /* HistoryCleaner.swift */; };
		D08C4D26777D343E9CB636E2 /* ImageViewerView.swift in Sources */ = {isa = PBXBuildFile; fileRef = F3EAD923C080EE3257956596 /* ImageViewerView.swift */; };
		D095A13028BF84264BE31381 /* AnswerExporter.swift in Sources */ = {isa = PBXBuildFile; fileRef = 5EF01DDB393E55A22F6F3279 /* AnswerExporter.swift */; };
		D19F2F3C2E073C77858CD9D7 /* AttachmentImage.swift in Sources */ = {isa = PBXBuildFile; fileRef = EE0CDE44D098C35E2386D200 /* AttachmentImage.swift */; };
		D2C15045B7164DF9AC6D6DEC /* SendRouter.swift in Sources */ = {isa = PBXBuildFile; fileRef = 566DC4EE62F487B92EC6260A /* SendRouter.swift */; };
		D5F6A954320639BB55A57881 /* ModelFilter.swift in Sources */ = {isa = PBXBuildFile; fileRef = 7FAB0CCD15AA534E1297706C /* ModelFilter.swift */; };
		D60B4FFD6D35B7A0D3C28F3A /* DebugSweep.swift in Sources */ = {isa = PBXBuildFile; fileRef = 39309C52D51D22AA62F0431B /* DebugSweep.swift */; };
		D8EE405812A5A8818D8A9E79 /* StreamThrottle.swift in Sources */ = {isa = PBXBuildFile; fileRef = 5195B2A4B246225CD9044D65 /* StreamThrottle.swift */; };
		D91F239DCD1C199D10F42B0C /* WebSearch.swift in Sources */ = {isa = PBXBuildFile; fileRef = DAAF22B5A89FE0F69D0B1B2C /* WebSearch.swift */; };
		D9DF6A3DEC1FE4E9248AED18 /* Models.swift in Sources */ = {isa = PBXBuildFile; fileRef = 6315B4D8328F194CDBDE6A33 /* Models.swift */; };
		DB5063DA30F1CF714ADED129 /* ChatStoreTests.swift in Sources */ = {isa = PBXBuildFile; fileRef = ADD5D3EE2AA4841097D5EF81 /* ChatStoreTests.swift */; };
		DE4E105D5DE34774DDEB3C18 /* LocalizationTests.swift in Sources */ = {isa = PBXBuildFile; fileRef = E49A9DC268248DDAE828145E /* LocalizationTests.swift */; };
		DEECC1E1EA2220025049C4E4 /* APIErrorParser.swift in Sources */ = {isa = PBXBuildFile; fileRef = BF9B52295BE745F829C3E33D /* APIErrorParser.swift */; };
		DF0A2701856EFEC074F3B6DA /* ImagePromptComposerTests.swift in Sources */ = {isa = PBXBuildFile; fileRef = D1562B0891BB1FF7178F8651 /* ImagePromptComposerTests.swift */; };
		E30C948F0CFAE09D1BF1D66A /* ChatResponseTests.swift in Sources */ = {isa = PBXBuildFile; fileRef = 262A5AB0A6097ED145E8A809 /* ChatResponseTests.swift */; };
		E74F4ED7C267A017637B5A51 /* ChatMarkers.swift in Sources */ = {isa = PBXBuildFile; fileRef = 3A2E01B92B1770E1BE1305E0 /* ChatMarkers.swift */; };
		E7D78A8AE84EDDEDDDD515E1 /* IntentHeuristicsTests.swift in Sources */ = {isa = PBXBuildFile; fileRef = 1D4A9A2567DC47F5C627985E /* IntentHeuristicsTests.swift */; };
		E828C2BA66F0939874A7AFD5 /* ThinkingLevel.swift in Sources */ = {isa = PBXBuildFile; fileRef = 1CABCE15F3CE1DF167509582 /* ThinkingLevel.swift */; };
		EF39A9BA2B94E09A696C60B7 /* Prompts.swift in Sources */ = {isa = PBXBuildFile; fileRef = 536C920B57F89A2F9433736A /* Prompts.swift */; };
		F1E9EB517E523F41C7617B61 /* ChartIntentTests.swift in Sources */ = {isa = PBXBuildFile; fileRef = 860B14F9D05E122E44DF1C71 /* ChartIntentTests.swift */; };
		F87FDC352ECF9064E809F187 /* VisionProbe.swift in Sources */ = {isa = PBXBuildFile; fileRef = 1E5E5A2BC2A4E5CC2A162F91 /* VisionProbe.swift */; };
		F9E7DE77A06E1A288DB42400 /* ImagePolicy.swift in Sources */ = {isa = PBXBuildFile; fileRef = 49A88E6380FD21FA2B07D842 /* ImagePolicy.swift */; };
		FC1A9D03465EF43267BD2F06 /* SendRouterTests.swift in Sources */ = {isa = PBXBuildFile; fileRef = E080E9ABAB6E928A04F739DE /* SendRouterTests.swift */; };
		FEF89A1B04FB6EB9D8D18646 /* ZoomGeometry.swift in Sources */ = {isa = PBXBuildFile; fileRef = 266FA922117EA4F30F971602 /* ZoomGeometry.swift */; };
/* End PBXBuildFile section */

/* Begin PBXContainerItemProxy section */
		63AE6A0CCAC865F461D4F739 /* PBXContainerItemProxy */ = {
			isa = PBXContainerItemProxy;
			containerPortal = BA82DEA0B110B810B1A5ABB3 /* Project object */;
			proxyType = 1;
			remoteGlobalIDString = B058D9E107D6D04A43FC4A77;
			remoteInfo = GwenMobile;
		};
/* End PBXContainerItemProxy section */

/* Begin PBXFileReference section */
		0104B1F51E468E0700631EB4 /* PictureOrdinals.swift */ = {isa = PBXFileReference; lastKnownFileType = sourcecode.swift; path = PictureOrdinals.swift; sourceTree = "<group>"; };
		03854A980E5863E4413BF506 /* ChatResponse.swift */ = {isa = PBXFileReference; lastKnownFileType = sourcecode.swift; path = ChatResponse.swift; sourceTree = "<group>"; };
		05118145DABE8E21E855E539 /* FormattersTests.swift */ = {isa = PBXFileReference; lastKnownFileType = sourcecode.swift; path = FormattersTests.swift; sourceTree = "<group>"; };
		052389F9C1DDDC724794A144 /* WAVCodec.swift */ = {isa = PBXFileReference; lastKnownFileType = sourcecode.swift; path = WAVCodec.swift; sourceTree = "<group>"; };
		089BC76D609665E27CBC7DC1 /* Bubble.swift */ = {isa = PBXFileReference; lastKnownFileType = sourcecode.swift; path = Bubble.swift; sourceTree = "<group>"; };
		0A297A51FD755F484CF4EF62 /* Flag.swift */ = {isa = PBXFileReference; lastKnownFileType = sourcecode.swift; path = Flag.swift; sourceTree = "<group>"; };
		0B187E8EE18A8947D16AF793 /* PictureDirectorTests.swift */ = {isa = PBXFileReference; lastKnownFileType = sourcecode.swift; path = PictureDirectorTests.swift; sourceTree = "<group>"; };
		0C0DD9E55563BC9C46D972B5 /* StreamRetryTests.swift */ = {isa = PBXFileReference; lastKnownFileType = sourcecode.swift; path = StreamRetryTests.swift; sourceTree = "<group>"; };
		0CE269E9FCE43CC1CA29C0FD /* ResearchContextTests.swift */ = {isa = PBXFileReference; lastKnownFileType = sourcecode.swift; path = ResearchContextTests.swift; sourceTree = "<group>"; };
		0F8D35447512097A7A6329DD /* GwenMobileApp.swift */ = {isa = PBXFileReference; lastKnownFileType = sourcecode.swift; path = GwenMobileApp.swift; sourceTree = "<group>"; };
		12E9541771397A034E30C573 /* FollowUpResolver.swift */ = {isa = PBXFileReference; lastKnownFileType = sourcecode.swift; path = FollowUpResolver.swift; sourceTree = "<group>"; };
		1362711493C882AC5E8C48F2 /* ConversationMemory.swift */ = {isa = PBXFileReference; lastKnownFileType = sourcecode.swift; path = ConversationMemory.swift; sourceTree = "<group>"; };
		149775607E2842B7A37A3DE6 /* StoragePaths.swift */ = {isa = PBXFileReference; lastKnownFileType = sourcecode.swift; path = StoragePaths.swift; sourceTree = "<group>"; };
		14A60AAFF73434B047B4B2E8 /* ConversationTranscriptTests.swift */ = {isa = PBXFileReference; lastKnownFileType = sourcecode.swift; path = ConversationTranscriptTests.swift; sourceTree = "<group>"; };
		15E1E0C9F912F8A2DE0EBD55 /* GwenMobileTests.xctest */ = {isa = PBXFileReference; includeInIndex = 0; lastKnownFileType = wrapper.cfbundle; path = GwenMobileTests.xctest; sourceTree = BUILT_PRODUCTS_DIR; };
		1722033F7FF4EF19930BA566 /* ForegroundReturnTracker.swift */ = {isa = PBXFileReference; lastKnownFileType = sourcecode.swift; path = ForegroundReturnTracker.swift; sourceTree = "<group>"; };
		18AA9867B6BED6F3530B4D27 /* CalendarPlanRefiner.swift */ = {isa = PBXFileReference; lastKnownFileType = sourcecode.swift; path = CalendarPlanRefiner.swift; sourceTree = "<group>"; };
		1AC0124D91937869DCEFE76C /* ChartPlanTests.swift */ = {isa = PBXFileReference; lastKnownFileType = sourcecode.swift; path = ChartPlanTests.swift; sourceTree = "<group>"; };
		1BF54EEA2D10B34E5361DA06 /* WebResearch.swift */ = {isa = PBXFileReference; lastKnownFileType = sourcecode.swift; path = WebResearch.swift; sourceTree = "<group>"; };
		1CABCE15F3CE1DF167509582 /* ThinkingLevel.swift */ = {isa = PBXFileReference; lastKnownFileType = sourcecode.swift; path = ThinkingLevel.swift; sourceTree = "<group>"; };
		1CF9BE5BC8A3C270BE72800F /* AnswerHTMLTests.swift */ = {isa = PBXFileReference; lastKnownFileType = sourcecode.swift; path = AnswerHTMLTests.swift; sourceTree = "<group>"; };
		1D4A9A2567DC47F5C627985E /* IntentHeuristicsTests.swift */ = {isa = PBXFileReference; lastKnownFileType = sourcecode.swift; path = IntentHeuristicsTests.swift; sourceTree = "<group>"; };
		1E5E5A2BC2A4E5CC2A162F91 /* VisionProbe.swift */ = {isa = PBXFileReference; lastKnownFileType = sourcecode.swift; path = VisionProbe.swift; sourceTree = "<group>"; };
		202EE3DA7543A77E34C906F6 /* ModelProbe.swift */ = {isa = PBXFileReference; lastKnownFileType = sourcecode.swift; path = ModelProbe.swift; sourceTree = "<group>"; };
		262A5AB0A6097ED145E8A809 /* ChatResponseTests.swift */ = {isa = PBXFileReference; lastKnownFileType = sourcecode.swift; path = ChatResponseTests.swift; sourceTree = "<group>"; };
		266FA922117EA4F30F971602 /* ZoomGeometry.swift */ = {isa = PBXFileReference; lastKnownFileType = sourcecode.swift; path = ZoomGeometry.swift; sourceTree = "<group>"; };
		270F477AC1CF86ABB1F5C375 /* CameraPresenter.swift */ = {isa = PBXFileReference; lastKnownFileType = sourcecode.swift; path = CameraPresenter.swift; sourceTree = "<group>"; };
		2A429026AB2FF9C46D316118 /* MarkdownRendererTests.swift */ = {isa = PBXFileReference; lastKnownFileType = sourcecode.swift; path = MarkdownRendererTests.swift; sourceTree = "<group>"; };
		2AFED3E44AC10CB45825094A /* CalendarChoiceTests.swift */ = {isa = PBXFileReference; lastKnownFileType = sourcecode.swift; path = CalendarChoiceTests.swift; sourceTree = "<group>"; };
		2D422356F81D1F6A07FA7B7C /* ChatMarkersTests.swift */ = {isa = PBXFileReference; lastKnownFileType = sourcecode.swift; path = ChatMarkersTests.swift; sourceTree = "<group>"; };
		2DA6C75B93C0F33EEEEDDC73 /* ImageZoomScrollView.swift */ = {isa = PBXFileReference; lastKnownFileType = sourcecode.swift; path = ImageZoomScrollView.swift; sourceTree = "<group>"; };
		2E1B631FF83274A2BAC3EAC4 /* SystemPrompt.swift */ = {isa = PBXFileReference; lastKnownFileType = sourcecode.swift; path = SystemPrompt.swift; sourceTree = "<group>"; };
		376AE28A6EF2867DCDD0BB88 /* ForegroundReturnTrackerTests.swift */ = {isa = PBXFileReference; lastKnownFileType = sourcecode.swift; path = ForegroundReturnTrackerTests.swift; sourceTree = "<group>"; };
		39309C52D51D22AA62F0431B /* DebugSweep.swift */ = {isa = PBXFileReference; lastKnownFileType = sourcecode.swift; path = DebugSweep.swift; sourceTree = "<group>"; };
		3A2E01B92B1770E1BE1305E0 /* ChatMarkers.swift */ = {isa = PBXFileReference; lastKnownFileType = sourcecode.swift; path = ChatMarkers.swift; sourceTree = "<group>"; };
		4405A48129193BDCBCA9499E /* ProcessingIndicator.swift */ = {isa = PBXFileReference; lastKnownFileType = sourcecode.swift; path = ProcessingIndicator.swift; sourceTree = "<group>"; };
		4517B39D2DA20FF51F7B5A4E /* StreamThrottleTests.swift */ = {isa = PBXFileReference; lastKnownFileType = sourcecode.swift; path = StreamThrottleTests.swift; sourceTree = "<group>"; };
		49A88E6380FD21FA2B07D842 /* ImagePolicy.swift */ = {isa = PBXFileReference; lastKnownFileType = sourcecode.swift; path = ImagePolicy.swift; sourceTree = "<group>"; };
		4D85DFDA39B9A8282E193770 /* AnswerErrorTests.swift */ = {isa = PBXFileReference; lastKnownFileType = sourcecode.swift; path = AnswerErrorTests.swift; sourceTree = "<group>"; };
		5195B2A4B246225CD9044D65 /* StreamThrottle.swift */ = {isa = PBXFileReference; lastKnownFileType = sourcecode.swift; path = StreamThrottle.swift; sourceTree = "<group>"; };
		51EA00E69358500C8D73DB27 /* ChatRunner.swift */ = {isa = PBXFileReference; lastKnownFileType = sourcecode.swift; path = ChatRunner.swift; sourceTree = "<group>"; };
		536C920B57F89A2F9433736A /* Prompts.swift */ = {isa = PBXFileReference; lastKnownFileType = sourcecode.swift; path = Prompts.swift; sourceTree = "<group>"; };
		543DF03E424F43C53BBF8011 /* FollowUpResolverTests.swift */ = {isa = PBXFileReference; lastKnownFileType = sourcecode.swift; path = FollowUpResolverTests.swift; sourceTree = "<group>"; };
		543F40245D441986111984E2 /* ImagePreviewTarget.swift */ = {isa = PBXFileReference; lastKnownFileType = sourcecode.swift; path = ImagePreviewTarget.swift; sourceTree = "<group>"; };
		549B4ABEDC9CB61EE0D3AC21 /* AnswerError.swift */ = {isa = PBXFileReference; lastKnownFileType = sourcecode.swift; path = AnswerError.swift; sourceTree = "<group>"; };
		55E59A0B8C96A584C02462FA /* HTTP.swift */ = {isa = PBXFileReference; lastKnownFileType = sourcecode.swift; path = HTTP.swift; sourceTree = "<group>"; };
		566DC4EE62F487B92EC6260A /* SendRouter.swift */ = {isa = PBXFileReference; lastKnownFileType = sourcecode.swift; path = SendRouter.swift; sourceTree = "<group>"; };
		5A7A79E04D4A30F8FC9ADC3F /* DebugViewerProbe.swift */ = {isa = PBXFileReference; lastKnownFileType = sourcecode.swift; path = DebugViewerProbe.swift; sourceTree = "<group>"; };
		5EF01DDB393E55A22F6F3279 /* AnswerExporter.swift */ = {isa = PBXFileReference; lastKnownFileType = sourcecode.swift; path = AnswerExporter.swift; sourceTree = "<group>"; };
		5F80C4061C04E8F1A328C24B /* Formatters.swift */ = {isa = PBXFileReference; lastKnownFileType = sourcecode.swift; path = Formatters.swift; sourceTree = "<group>"; };
		60A917A30671FA37834CCF6E /* ImageViewerTests.swift */ = {isa = PBXFileReference; lastKnownFileType = sourcecode.swift; path = ImageViewerTests.swift; sourceTree = "<group>"; };
		60DAF17D001F3A19BF24BFAA /* VisionProbeTests.swift */ = {isa = PBXFileReference; lastKnownFileType = sourcecode.swift; path = VisionProbeTests.swift; sourceTree = "<group>"; };
		61DBC88DD7052633B9C10BA1 /* MarkdownRenderer.swift */ = {isa = PBXFileReference; lastKnownFileType = sourcecode.swift; path = MarkdownRenderer.swift; sourceTree = "<group>"; };
		6315B4D8328F194CDBDE6A33 /* Models.swift */ = {isa = PBXFileReference; lastKnownFileType = sourcecode.swift; path = Models.swift; sourceTree = "<group>"; };
		673C379E9F2E2A39692BF3C3 /* PerfMonitoring.swift */ = {isa = PBXFileReference; lastKnownFileType = sourcecode.swift; path = PerfMonitoring.swift; sourceTree = "<group>"; };
		67A21F98D498BB1D1E55E6CA /* ImagePromptComposer.swift */ = {isa = PBXFileReference; lastKnownFileType = sourcecode.swift; path = ImagePromptComposer.swift; sourceTree = "<group>"; };
		6A2E9DA1681EEAADA66FFBE1 /* AnswerExporterTests.swift */ = {isa = PBXFileReference; lastKnownFileType = sourcecode.swift; path = AnswerExporterTests.swift; sourceTree = "<group>"; };
		6B2998A608A6B454B7039E39 /* WAVCodecTests.swift */ = {isa = PBXFileReference; lastKnownFileType = sourcecode.swift; path = WAVCodecTests.swift; sourceTree = "<group>"; };
		6BA2C5A8DFE2EEFC94C959EA /* PictureOrdinalsTests.swift */ = {isa = PBXFileReference; lastKnownFileType = sourcecode.swift; path = PictureOrdinalsTests.swift; sourceTree = "<group>"; };
		6CE58309DD21F20B163C2434 /* Settings.swift */ = {isa = PBXFileReference; lastKnownFileType = sourcecode.swift; path = Settings.swift; sourceTree = "<group>"; };
		70992FC1E27FBE8069A88DB3 /* ConversationPersistenceTests.swift */ = {isa = PBXFileReference; lastKnownFileType = sourcecode.swift; path = ConversationPersistenceTests.swift; sourceTree = "<group>"; };
		710C9082A5C93B6F4B77A474 /* UndoBar.swift */ = {isa = PBXFileReference; lastKnownFileType = sourcecode.swift; path = UndoBar.swift; sourceTree = "<group>"; };
		71F8AF8F5DF27269B921E58E /* ConversationPersistence.swift */ = {isa = PBXFileReference; lastKnownFileType = sourcecode.swift; path = ConversationPersistence.swift; sourceTree = "<group>"; };
		7486036C22301522531F6E2A /* ImageFeed.swift */ = {isa = PBXFileReference; lastKnownFileType = sourcecode.swift; path = ImageFeed.swift; sourceTree = "<group>"; };
		74FFB9D8E673D0DF55284898 /* QwenAPI.swift */ = {isa = PBXFileReference; lastKnownFileType = sourcecode.swift; path = QwenAPI.swift; sourceTree = "<group>"; };
		7F06AB77A6791536D2E7528C /* Offload.swift */ = {isa = PBXFileReference; lastKnownFileType = sourcecode.swift; path = Offload.swift; sourceTree = "<group>"; };
		7F155EC217D110B3F3C0FD43 /* UndoBarHostTests.swift */ = {isa = PBXFileReference; lastKnownFileType = sourcecode.swift; path = UndoBarHostTests.swift; sourceTree = "<group>"; };
		7F7FEDD24AF74526BD1E451A /* CalendarChoice.swift */ = {isa = PBXFileReference; lastKnownFileType = sourcecode.swift; path = CalendarChoice.swift; sourceTree = "<group>"; };
		7F8105DD5A3827046E43EF23 /* SettingsView.swift */ = {isa = PBXFileReference; lastKnownFileType = sourcecode.swift; path = SettingsView.swift; sourceTree = "<group>"; };
		7FAB0CCD15AA534E1297706C /* ModelFilter.swift */ = {isa = PBXFileReference; lastKnownFileType = sourcecode.swift; path = ModelFilter.swift; sourceTree = "<group>"; };
		860B14F9D05E122E44DF1C71 /* ChartIntentTests.swift */ = {isa = PBXFileReference; lastKnownFileType = sourcecode.swift; path = ChartIntentTests.swift; sourceTree = "<group>"; };
		880F4A1CAA1B44B12DA4E27A /* ChartPlanner.swift */ = {isa = PBXFileReference; lastKnownFileType = sourcecode.swift; path = ChartPlanner.swift; sourceTree = "<group>"; };
		8A3F6A3BD2249D02B203E0F0 /* Assets.xcassets */ = {isa = PBXFileReference; lastKnownFileType = folder.assetcatalog; path = Assets.xcassets; sourceTree = "<group>"; };
		8C8AF2DD998AA6FBC3331B9F /* ChartPlan.swift */ = {isa = PBXFileReference; lastKnownFileType = sourcecode.swift; path = ChartPlan.swift; sourceTree = "<group>"; };
		8D50C9CEE0B920C6F5219845 /* DebugFlowTests.swift */ = {isa = PBXFileReference; lastKnownFileType = sourcecode.swift; path = DebugFlowTests.swift; sourceTree = "<group>"; };
		92CCA7B22E673EC72E40E733 /* HistoryView.swift */ = {isa = PBXFileReference; lastKnownFileType = sourcecode.swift; path = HistoryView.swift; sourceTree = "<group>"; };
		9502D4E28A63EAD06721FE83 /* ZoomableImageView.swift */ = {isa = PBXFileReference; lastKnownFileType = sourcecode.swift; path = ZoomableImageView.swift; sourceTree = "<group>"; };
		9E1E00464A7C29B48F3A54F1 /* HistoryCleaner.swift */ = {isa = PBXFileReference; lastKnownFileType = sourcecode.swift; path = HistoryCleaner.swift; sourceTree = "<group>"; };
		9E76BA900513E7D50BAF877E /* RequestBuildingTests.swift */ = {isa = PBXFileReference; lastKnownFileType = sourcecode.swift; path = RequestBuildingTests.swift; sourceTree = "<group>"; };
		9E99C97E1CA0486DB1D6D294 /* APIErrorParserTests.swift */ = {isa = PBXFileReference; lastKnownFileType = sourcecode.swift; path = APIErrorParserTests.swift; sourceTree = "<group>"; };
		9E9F7C7FCABBA9E279073FFC /* ThinkingProbe.swift */ = {isa = PBXFileReference; lastKnownFileType = sourcecode.swift; path = ThinkingProbe.swift; sourceTree = "<group>"; };
		A072E78E681BD416A2E58F3E /* DebugFeatureProbes.swift */ = {isa = PBXFileReference; lastKnownFileType = sourcecode.swift; path = DebugFeatureProbes.swift; sourceTree = "<group>"; };
		A20E5D9827638882479687CB /* TestSandbox.swift */ = {isa = PBXFileReference; lastKnownFileType = sourcecode.swift; path = TestSandbox.swift; sourceTree = "<group>"; };
		A26A251442708D3DF484C47F /* SpeechSynthesizer.swift */ = {isa = PBXFileReference; lastKnownFileType = sourcecode.swift; path = SpeechSynthesizer.swift; sourceTree = "<group>"; };
		A41D77853681D45B65CC5845 /* ChartIntent.swift */ = {isa = PBXFileReference; lastKnownFileType = sourcecode.swift; path = ChartIntent.swift; sourceTree = "<group>"; };
		A72E0573A2F6F4996E7CDF11 /* ChatView.swift */ = {isa = PBXFileReference; lastKnownFileType = sourcecode.swift; path = ChatView.swift; sourceTree = "<group>"; };
		AD3A451CC17431D7E40C3527 /* HTTPTransportTests.swift */ = {isa = PBXFileReference; lastKnownFileType = sourcecode.swift; path = HTTPTransportTests.swift; sourceTree = "<group>"; };
		ADB8E2EC6319FF4173AC9234 /* ChatStore.swift */ = {isa = PBXFileReference; lastKnownFileType = sourcecode.swift; path = ChatStore.swift; sourceTree = "<group>"; };
		ADD5D3EE2AA4841097D5EF81 /* ChatStoreTests.swift */ = {isa = PBXFileReference; lastKnownFileType = sourcecode.swift; path = ChatStoreTests.swift; sourceTree = "<group>"; };
		AE0007C2B21A1A84AED91548 /* Info.plist */ = {isa = PBXFileReference; lastKnownFileType = text.plist; path = Info.plist; sourceTree = "<group>"; };
		B72D93E76E44ECD656357458 /* ChatBubbles.swift */ = {isa = PBXFileReference; lastKnownFileType = sourcecode.swift; path = ChatBubbles.swift; sourceTree = "<group>"; };
		BF9B52295BE745F829C3E33D /* APIErrorParser.swift */ = {isa = PBXFileReference; lastKnownFileType = sourcecode.swift; path = APIErrorParser.swift; sourceTree = "<group>"; };
		C3D2BEB898C52C42DCD42839 /* APIError.swift */ = {isa = PBXFileReference; lastKnownFileType = sourcecode.swift; path = APIError.swift; sourceTree = "<group>"; };
		C453447EEA85DE910E7C2D0B /* ImageDelivery.swift */ = {isa = PBXFileReference; lastKnownFileType = sourcecode.swift; path = ImageDelivery.swift; sourceTree = "<group>"; };
		C4E5735E6ED7AB9DF39F7EE0 /* ShareSessionTests.swift */ = {isa = PBXFileReference; lastKnownFileType = sourcecode.swift; path = ShareSessionTests.swift; sourceTree = "<group>"; };
		C4FB8DA772DC048E33BE964A /* CalendarKit.swift */ = {isa = PBXFileReference; lastKnownFileType = sourcecode.swift; path = CalendarKit.swift; sourceTree = "<group>"; };
		C624A9D2BB79A65ECD118A0A /* RealtimeClient.swift */ = {isa = PBXFileReference; lastKnownFileType = sourcecode.swift; path = RealtimeClient.swift; sourceTree = "<group>"; };
		CB2565E25857474CC58E1991 /* VoiceTranscriber.swift */ = {isa = PBXFileReference; lastKnownFileType = sourcecode.swift; path = VoiceTranscriber.swift; sourceTree = "<group>"; };
		CB8DFE32274EFD42D656D4BC /* ThinkingProbeTests.swift */ = {isa = PBXFileReference; lastKnownFileType = sourcecode.swift; path = ThinkingProbeTests.swift; sourceTree = "<group>"; };
		CC4038A95F76F1C216525D10 /* StorageUsage.swift */ = {isa = PBXFileReference; lastKnownFileType = sourcecode.swift; path = StorageUsage.swift; sourceTree = "<group>"; };
		CD671FC1504CEF0B881A3734 /* CalendarPlanRefinerTests.swift */ = {isa = PBXFileReference; lastKnownFileType = sourcecode.swift; path = CalendarPlanRefinerTests.swift; sourceTree = "<group>"; };
		CE3F063E06C313BC2E176E62 /* L10n.swift */ = {isa = PBXFileReference; lastKnownFileType = sourcecode.swift; path = L10n.swift; sourceTree = "<group>"; };
		CEA4C4B955DF23F1A2A69D5C /* IntentHeuristics.swift */ = {isa = PBXFileReference; lastKnownFileType = sourcecode.swift; path = IntentHeuristics.swift; sourceTree = "<group>"; };
		CEE952B9C0D6B31F62640B5B /* HistoryCleanerTests.swift */ = {isa = PBXFileReference; lastKnownFileType = sourcecode.swift; path = HistoryCleanerTests.swift; sourceTree = "<group>"; };
		D1562B0891BB1FF7178F8651 /* ImagePromptComposerTests.swift */ = {isa = PBXFileReference; lastKnownFileType = sourcecode.swift; path = ImagePromptComposerTests.swift; sourceTree = "<group>"; };
		DAAF22B5A89FE0F69D0B1B2C /* WebSearch.swift */ = {isa = PBXFileReference; lastKnownFileType = sourcecode.swift; path = WebSearch.swift; sourceTree = "<group>"; };
		E080E9ABAB6E928A04F739DE /* SendRouterTests.swift */ = {isa = PBXFileReference; lastKnownFileType = sourcecode.swift; path = SendRouterTests.swift; sourceTree = "<group>"; };
		E08FF257303AA4B9C3AB6E8B /* ModelFilterTests.swift */ = {isa = PBXFileReference; lastKnownFileType = sourcecode.swift; path = ModelFilterTests.swift; sourceTree = "<group>"; };
		E49A9DC268248DDAE828145E /* LocalizationTests.swift */ = {isa = PBXFileReference; lastKnownFileType = sourcecode.swift; path = LocalizationTests.swift; sourceTree = "<group>"; };
		E59E251FED9CD3E6C962A328 /* GwenMobile.app */ = {isa = PBXFileReference; includeInIndex = 0; lastKnownFileType = wrapper.application; path = GwenMobile.app; sourceTree = BUILT_PRODUCTS_DIR; };
		E9AC1423B4C5813DB9D20719 /* Presenter.swift */ = {isa = PBXFileReference; lastKnownFileType = sourcecode.swift; path = Presenter.swift; sourceTree = "<group>"; };
		EBCEC613D88C58CDBEC6402C /* ConversationMemoryTests.swift */ = {isa = PBXFileReference; lastKnownFileType = sourcecode.swift; path = ConversationMemoryTests.swift; sourceTree = "<group>"; };
		ECA64393C8BD2DFBE57235A0 /* CalendarAuthorizationTests.swift */ = {isa = PBXFileReference; lastKnownFileType = sourcecode.swift; path = CalendarAuthorizationTests.swift; sourceTree = "<group>"; };
		EDABF669C9116E76792D7121 /* ShareSession.swift */ = {isa = PBXFileReference; lastKnownFileType = sourcecode.swift; path = ShareSession.swift; sourceTree = "<group>"; };
		EE0CDE44D098C35E2386D200 /* AttachmentImage.swift */ = {isa = PBXFileReference; lastKnownFileType = sourcecode.swift; path = AttachmentImage.swift; sourceTree = "<group>"; };
		EE6B8CDC2FBB8C2C9CF439D1 /* DebugShareProbe.swift */ = {isa = PBXFileReference; lastKnownFileType = sourcecode.swift; path = DebugShareProbe.swift; sourceTree = "<group>"; };
		F116BB3E3ACD7082F12E8DF8 /* AnswerHTML.swift */ = {isa = PBXFileReference; lastKnownFileType = sourcecode.swift; path = AnswerHTML.swift; sourceTree = "<group>"; };
		F1334F2B33B0342B96680A23 /* ConversationTranscript.swift */ = {isa = PBXFileReference; lastKnownFileType = sourcecode.swift; path = ConversationTranscript.swift; sourceTree = "<group>"; };
		F2B66328ED6A12479F1B8427 /* ProcessingRhythmTests.swift */ = {isa = PBXFileReference; lastKnownFileType = sourcecode.swift; path = ProcessingRhythmTests.swift; sourceTree = "<group>"; };
		F3EAD923C080EE3257956596 /* ImageViewerView.swift */ = {isa = PBXFileReference; lastKnownFileType = sourcecode.swift; path = ImageViewerView.swift; sourceTree = "<group>"; };
		F58030CA63D9F5D3B6D732E0 /* MediaStore.swift */ = {isa = PBXFileReference; lastKnownFileType = sourcecode.swift; path = MediaStore.swift; sourceTree = "<group>"; };
		F9E745269CBF0FB25E6731C1 /* RatioStore.swift */ = {isa = PBXFileReference; lastKnownFileType = sourcecode.swift; path = RatioStore.swift; sourceTree = "<group>"; };
		FBBB67FD5A7B8CF683FCD4D3 /* ThinkingLevelTests.swift */ = {isa = PBXFileReference; lastKnownFileType = sourcecode.swift; path = ThinkingLevelTests.swift; sourceTree = "<group>"; };
		FC62B1DD6F8C5335DBC98914 /* SystemPromptTests.swift */ = {isa = PBXFileReference; lastKnownFileType = sourcecode.swift; path = SystemPromptTests.swift; sourceTree = "<group>"; };
		FC98D43495B1E6BEB7D33FF2 /* ImageViewerModel.swift */ = {isa = PBXFileReference; lastKnownFileType = sourcecode.swift; path = ImageViewerModel.swift; sourceTree = "<group>"; };
		FDCB53F816AD72AB27BC0BF4 /* StorageTests.swift */ = {isa = PBXFileReference; lastKnownFileType = sourcecode.swift; path = StorageTests.swift; sourceTree = "<group>"; };
		FE53ADAAF364ED6BFB2AEE73 /* PictureDirector.swift */ = {isa = PBXFileReference; lastKnownFileType = sourcecode.swift; path = PictureDirector.swift; sourceTree = "<group>"; };
/* End PBXFileReference section */

/* Begin PBXGroup section */
		3195FC0A5F752A92C9DB43C0 /* GwenMobileTests */ = {
			isa = PBXGroup;
			children = (
				4D85DFDA39B9A8282E193770 /* AnswerErrorTests.swift */,
				6A2E9DA1681EEAADA66FFBE1 /* AnswerExporterTests.swift */,
				1CF9BE5BC8A3C270BE72800F /* AnswerHTMLTests.swift */,
				9E99C97E1CA0486DB1D6D294 /* APIErrorParserTests.swift */,
				ECA64393C8BD2DFBE57235A0 /* CalendarAuthorizationTests.swift */,
				2AFED3E44AC10CB45825094A /* CalendarChoiceTests.swift */,
				CD671FC1504CEF0B881A3734 /* CalendarPlanRefinerTests.swift */,
				860B14F9D05E122E44DF1C71 /* ChartIntentTests.swift */,
				1AC0124D91937869DCEFE76C /* ChartPlanTests.swift */,
				2D422356F81D1F6A07FA7B7C /* ChatMarkersTests.swift */,
				262A5AB0A6097ED145E8A809 /* ChatResponseTests.swift */,
				ADD5D3EE2AA4841097D5EF81 /* ChatStoreTests.swift */,
				EBCEC613D88C58CDBEC6402C /* ConversationMemoryTests.swift */,
				70992FC1E27FBE8069A88DB3 /* ConversationPersistenceTests.swift */,
				14A60AAFF73434B047B4B2E8 /* ConversationTranscriptTests.swift */,
				543DF03E424F43C53BBF8011 /* FollowUpResolverTests.swift */,
				376AE28A6EF2867DCDD0BB88 /* ForegroundReturnTrackerTests.swift */,
				05118145DABE8E21E855E539 /* FormattersTests.swift */,
				CEE952B9C0D6B31F62640B5B /* HistoryCleanerTests.swift */,
				AD3A451CC17431D7E40C3527 /* HTTPTransportTests.swift */,
				D1562B0891BB1FF7178F8651 /* ImagePromptComposerTests.swift */,
				60A917A30671FA37834CCF6E /* ImageViewerTests.swift */,
				1D4A9A2567DC47F5C627985E /* IntentHeuristicsTests.swift */,
				E49A9DC268248DDAE828145E /* LocalizationTests.swift */,
				2A429026AB2FF9C46D316118 /* MarkdownRendererTests.swift */,
				E08FF257303AA4B9C3AB6E8B /* ModelFilterTests.swift */,
				0B187E8EE18A8947D16AF793 /* PictureDirectorTests.swift */,
				6BA2C5A8DFE2EEFC94C959EA /* PictureOrdinalsTests.swift */,
				F2B66328ED6A12479F1B8427 /* ProcessingRhythmTests.swift */,
				9E76BA900513E7D50BAF877E /* RequestBuildingTests.swift */,
				0CE269E9FCE43CC1CA29C0FD /* ResearchContextTests.swift */,
				E080E9ABAB6E928A04F739DE /* SendRouterTests.swift */,
				C4E5735E6ED7AB9DF39F7EE0 /* ShareSessionTests.swift */,
				FDCB53F816AD72AB27BC0BF4 /* StorageTests.swift */,
				0C0DD9E55563BC9C46D972B5 /* StreamRetryTests.swift */,
				4517B39D2DA20FF51F7B5A4E /* StreamThrottleTests.swift */,
				FC62B1DD6F8C5335DBC98914 /* SystemPromptTests.swift */,
				A20E5D9827638882479687CB /* TestSandbox.swift */,
				FBBB67FD5A7B8CF683FCD4D3 /* ThinkingLevelTests.swift */,
				CB8DFE32274EFD42D656D4BC /* ThinkingProbeTests.swift */,
				7F155EC217D110B3F3C0FD43 /* UndoBarHostTests.swift */,
				60DAF17D001F3A19BF24BFAA /* VisionProbeTests.swift */,
				6B2998A608A6B454B7039E39 /* WAVCodecTests.swift */,
			);
			path = GwenMobileTests;
			sourceTree = "<group>";
		};
		323B81FE61BCE3B6592EE94B /* GwenMobile */ = {
			isa = PBXGroup;
			children = (
				549B4ABEDC9CB61EE0D3AC21 /* AnswerError.swift */,
				5EF01DDB393E55A22F6F3279 /* AnswerExporter.swift */,
				F116BB3E3ACD7082F12E8DF8 /* AnswerHTML.swift */,
				C3D2BEB898C52C42DCD42839 /* APIError.swift */,
				BF9B52295BE745F829C3E33D /* APIErrorParser.swift */,
				8A3F6A3BD2249D02B203E0F0 /* Assets.xcassets */,
				EE0CDE44D098C35E2386D200 /* AttachmentImage.swift */,
				089BC76D609665E27CBC7DC1 /* Bubble.swift */,
				7F7FEDD24AF74526BD1E451A /* CalendarChoice.swift */,
				C4FB8DA772DC048E33BE964A /* CalendarKit.swift */,
				18AA9867B6BED6F3530B4D27 /* CalendarPlanRefiner.swift */,
				270F477AC1CF86ABB1F5C375 /* CameraPresenter.swift */,
				A41D77853681D45B65CC5845 /* ChartIntent.swift */,
				8C8AF2DD998AA6FBC3331B9F /* ChartPlan.swift */,
				880F4A1CAA1B44B12DA4E27A /* ChartPlanner.swift */,
				B72D93E76E44ECD656357458 /* ChatBubbles.swift */,
				3A2E01B92B1770E1BE1305E0 /* ChatMarkers.swift */,
				03854A980E5863E4413BF506 /* ChatResponse.swift */,
				51EA00E69358500C8D73DB27 /* ChatRunner.swift */,
				ADB8E2EC6319FF4173AC9234 /* ChatStore.swift */,
				A72E0573A2F6F4996E7CDF11 /* ChatView.swift */,
				1362711493C882AC5E8C48F2 /* ConversationMemory.swift */,
				71F8AF8F5DF27269B921E58E /* ConversationPersistence.swift */,
				F1334F2B33B0342B96680A23 /* ConversationTranscript.swift */,
				A072E78E681BD416A2E58F3E /* DebugFeatureProbes.swift */,
				8D50C9CEE0B920C6F5219845 /* DebugFlowTests.swift */,
				EE6B8CDC2FBB8C2C9CF439D1 /* DebugShareProbe.swift */,
				39309C52D51D22AA62F0431B /* DebugSweep.swift */,
				5A7A79E04D4A30F8FC9ADC3F /* DebugViewerProbe.swift */,
				0A297A51FD755F484CF4EF62 /* Flag.swift */,
				12E9541771397A034E30C573 /* FollowUpResolver.swift */,
				1722033F7FF4EF19930BA566 /* ForegroundReturnTracker.swift */,
				5F80C4061C04E8F1A328C24B /* Formatters.swift */,
				0F8D35447512097A7A6329DD /* GwenMobileApp.swift */,
				9E1E00464A7C29B48F3A54F1 /* HistoryCleaner.swift */,
				92CCA7B22E673EC72E40E733 /* HistoryView.swift */,
				55E59A0B8C96A584C02462FA /* HTTP.swift */,
				C453447EEA85DE910E7C2D0B /* ImageDelivery.swift */,
				7486036C22301522531F6E2A /* ImageFeed.swift */,
				49A88E6380FD21FA2B07D842 /* ImagePolicy.swift */,
				543F40245D441986111984E2 /* ImagePreviewTarget.swift */,
				67A21F98D498BB1D1E55E6CA /* ImagePromptComposer.swift */,
				FC98D43495B1E6BEB7D33FF2 /* ImageViewerModel.swift */,
				F3EAD923C080EE3257956596 /* ImageViewerView.swift */,
				2DA6C75B93C0F33EEEEDDC73 /* ImageZoomScrollView.swift */,
				AE0007C2B21A1A84AED91548 /* Info.plist */,
				CEA4C4B955DF23F1A2A69D5C /* IntentHeuristics.swift */,
				CE3F063E06C313BC2E176E62 /* L10n.swift */,
				61DBC88DD7052633B9C10BA1 /* MarkdownRenderer.swift */,
				F58030CA63D9F5D3B6D732E0 /* MediaStore.swift */,
				7FAB0CCD15AA534E1297706C /* ModelFilter.swift */,
				202EE3DA7543A77E34C906F6 /* ModelProbe.swift */,
				6315B4D8328F194CDBDE6A33 /* Models.swift */,
				7F06AB77A6791536D2E7528C /* Offload.swift */,
				673C379E9F2E2A39692BF3C3 /* PerfMonitoring.swift */,
				FE53ADAAF364ED6BFB2AEE73 /* PictureDirector.swift */,
				0104B1F51E468E0700631EB4 /* PictureOrdinals.swift */,
				E9AC1423B4C5813DB9D20719 /* Presenter.swift */,
				4405A48129193BDCBCA9499E /* ProcessingIndicator.swift */,
				536C920B57F89A2F9433736A /* Prompts.swift */,
				74FFB9D8E673D0DF55284898 /* QwenAPI.swift */,
				F9E745269CBF0FB25E6731C1 /* RatioStore.swift */,
				C624A9D2BB79A65ECD118A0A /* RealtimeClient.swift */,
				566DC4EE62F487B92EC6260A /* SendRouter.swift */,
				6CE58309DD21F20B163C2434 /* Settings.swift */,
				7F8105DD5A3827046E43EF23 /* SettingsView.swift */,
				EDABF669C9116E76792D7121 /* ShareSession.swift */,
				A26A251442708D3DF484C47F /* SpeechSynthesizer.swift */,
				149775607E2842B7A37A3DE6 /* StoragePaths.swift */,
				CC4038A95F76F1C216525D10 /* StorageUsage.swift */,
				5195B2A4B246225CD9044D65 /* StreamThrottle.swift */,
				2E1B631FF83274A2BAC3EAC4 /* SystemPrompt.swift */,
				1CABCE15F3CE1DF167509582 /* ThinkingLevel.swift */,
				9E9F7C7FCABBA9E279073FFC /* ThinkingProbe.swift */,
				710C9082A5C93B6F4B77A474 /* UndoBar.swift */,
				1E5E5A2BC2A4E5CC2A162F91 /* VisionProbe.swift */,
				CB2565E25857474CC58E1991 /* VoiceTranscriber.swift */,
				052389F9C1DDDC724794A144 /* WAVCodec.swift */,
				1BF54EEA2D10B34E5361DA06 /* WebResearch.swift */,
				DAAF22B5A89FE0F69D0B1B2C /* WebSearch.swift */,
				9502D4E28A63EAD06721FE83 /* ZoomableImageView.swift */,
				266FA922117EA4F30F971602 /* ZoomGeometry.swift */,
			);
			path = GwenMobile;
			sourceTree = "<group>";
		};
		A2124AFD7163F6D5A2ED2CA2 /* Products */ = {
			isa = PBXGroup;
			children = (
				E59E251FED9CD3E6C962A328 /* GwenMobile.app */,
				15E1E0C9F912F8A2DE0EBD55 /* GwenMobileTests.xctest */,
			);
			name = Products;
			sourceTree = "<group>";
		};
		DD0C0E71416542C3A2608BB4 = {
			isa = PBXGroup;
			children = (
				323B81FE61BCE3B6592EE94B /* GwenMobile */,
				3195FC0A5F752A92C9DB43C0 /* GwenMobileTests */,
				A2124AFD7163F6D5A2ED2CA2 /* Products */,
			);
			sourceTree = "<group>";
		};
/* End PBXGroup section */

/* Begin PBXNativeTarget section */
		611EF4360E1C2F54AE9F93C2 /* GwenMobileTests */ = {
			isa = PBXNativeTarget;
			buildConfigurationList = 6CF0D3C6216BF38C4AF6F7D1 /* Build configuration list for PBXNativeTarget "GwenMobileTests" */;
			buildPhases = (
				D34300788A9FC7CF15A328B1 /* Sources */,
			);
			buildRules = (
			);
			dependencies = (
				B7D5EA20546D056CE11FD292 /* PBXTargetDependency */,
			);
			name = GwenMobileTests;
			packageProductDependencies = (
			);
			productName = GwenMobileTests;
			productReference = 15E1E0C9F912F8A2DE0EBD55 /* GwenMobileTests.xctest */;
			productType = "com.apple.product-type.bundle.unit-test";
		};
		B058D9E107D6D04A43FC4A77 /* GwenMobile */ = {
			isa = PBXNativeTarget;
			buildConfigurationList = 10EB1BDCB7F7129B662CB2E9 /* Build configuration list for PBXNativeTarget "GwenMobile" */;
			buildPhases = (
				F1E930C821FCAF281A5B8123 /* Sources */,
				5E09A995E811F7A4B6207C59 /* Resources */,
			);
			buildRules = (
			);
			dependencies = (
			);
			name = GwenMobile;
			packageProductDependencies = (
			);
			productName = GwenMobile;
			productReference = E59E251FED9CD3E6C962A328 /* GwenMobile.app */;
			productType = "com.apple.product-type.application";
		};
/* End PBXNativeTarget section */

/* Begin PBXProject section */
		BA82DEA0B110B810B1A5ABB3 /* Project object */ = {
			isa = PBXProject;
			attributes = {
				BuildIndependentTargetsInParallel = YES;
				LastUpgradeCheck = 1430;
				TargetAttributes = {
					611EF4360E1C2F54AE9F93C2 = {
						DevelopmentTeam = HDR2ZP983J;
					};
					B058D9E107D6D04A43FC4A77 = {
						DevelopmentTeam = HDR2ZP983J;
						ProvisioningStyle = Automatic;
					};
				};
			};
			buildConfigurationList = A1A89EE727B27C7DA181CF20 /* Build configuration list for PBXProject "GwenMobile" */;
			developmentRegion = en;
			hasScannedForEncodings = 0;
			knownRegions = (
				Base,
				en,
			);
			mainGroup = DD0C0E71416542C3A2608BB4;
			minimizedProjectReferenceProxies = 1;
			preferredProjectObjectVersion = 77;
			productRefGroup = A2124AFD7163F6D5A2ED2CA2 /* Products */;
			projectDirPath = "";
			projectRoot = "";
			targets = (
				B058D9E107D6D04A43FC4A77 /* GwenMobile */,
				611EF4360E1C2F54AE9F93C2 /* GwenMobileTests */,
			);
		};
/* End PBXProject section */

/* Begin PBXResourcesBuildPhase section */
		5E09A995E811F7A4B6207C59 /* Resources */ = {
			isa = PBXResourcesBuildPhase;
			buildActionMask = 2147483647;
			files = (
				7C9B438ABAAABADE97E3DA39 /* Assets.xcassets in Resources */,
			);
			runOnlyForDeploymentPostprocessing = 0;
		};
/* End PBXResourcesBuildPhase section */

/* Begin PBXSourcesBuildPhase section */
		D34300788A9FC7CF15A328B1 /* Sources */ = {
			isa = PBXSourcesBuildPhase;
			buildActionMask = 2147483647;
			files = (
				48286D2CCE40064F4EEC569A /* APIErrorParserTests.swift in Sources */,
				A7BAA2C7E18560269ED93F83 /* AnswerErrorTests.swift in Sources */,
				B21D5B1A805BE89CBC31DE59 /* AnswerExporterTests.swift in Sources */,
				C3B19AF981810301D86617E7 /* AnswerHTMLTests.swift in Sources */,
				A9E6CB5F64DA4B2D02A7C4BD /* CalendarAuthorizationTests.swift in Sources */,
				1CB4F6BBF6FE7FBA797A88E3 /* CalendarChoiceTests.swift in Sources */,
				BE2C80037EB90E230D61DCFA /* CalendarPlanRefinerTests.swift in Sources */,
				F1E9EB517E523F41C7617B61 /* ChartIntentTests.swift in Sources */,
				0CCBF4E10B05F10B67FF7CB7 /* ChartPlanTests.swift in Sources */,
				8B03EA257CE26DC91207A90A /* ChatMarkersTests.swift in Sources */,
				E30C948F0CFAE09D1BF1D66A /* ChatResponseTests.swift in Sources */,
				DB5063DA30F1CF714ADED129 /* ChatStoreTests.swift in Sources */,
				700A024680074394EE139F63 /* ConversationMemoryTests.swift in Sources */,
				3AA40823ABB91EBB17B251C6 /* ConversationPersistenceTests.swift in Sources */,
				517AB5F6E6DFFE45063C194F /* ConversationTranscriptTests.swift in Sources */,
				9EE5FF1CA98B727F27C313B4 /* FollowUpResolverTests.swift in Sources */,
				B02A660F5B3CC0D0729F4C09 /* ForegroundReturnTrackerTests.swift in Sources */,
				076C5354D0FE451D29C5D120 /* FormattersTests.swift in Sources */,
				BF67FD489E4231CD1D805E73 /* HTTPTransportTests.swift in Sources */,
				4BC26C14C6614AB730058530 /* HistoryCleanerTests.swift in Sources */,
				DF0A2701856EFEC074F3B6DA /* ImagePromptComposerTests.swift in Sources */,
				49E74133E16A326A72A7DA9A /* ImageViewerTests.swift in Sources */,
				E7D78A8AE84EDDEDDDD515E1 /* IntentHeuristicsTests.swift in Sources */,
				DE4E105D5DE34774DDEB3C18 /* LocalizationTests.swift in Sources */,
				3661BE87F511AEFBE425E83B /* MarkdownRendererTests.swift in Sources */,
				67DEA5FFE1DEDFFDC6E12B92 /* ModelFilterTests.swift in Sources */,
				529C6EAA82003351C6BFF051 /* PictureDirectorTests.swift in Sources */,
				14720212BBA51913895624F4 /* PictureOrdinalsTests.swift in Sources */,
				6209C543B6535A2053D815EA /* ProcessingRhythmTests.swift in Sources */,
				47398D8331EB6808BD012259 /* RequestBuildingTests.swift in Sources */,
				4CEB93157A74A56164DE13BD /* ResearchContextTests.swift in Sources */,
				FC1A9D03465EF43267BD2F06 /* SendRouterTests.swift in Sources */,
				7ED0792C1A849C6FB87D512A /* ShareSessionTests.swift in Sources */,
				9604BFC3404EAB5E85173CA5 /* StorageTests.swift in Sources */,
				47A7221105822086F551393D /* StreamRetryTests.swift in Sources */,
				0A99BE83D715A5212B671B1B /* StreamThrottleTests.swift in Sources */,
				27049FFD91EC60CC9AC85F84 /* SystemPromptTests.swift in Sources */,
				60B50503CC845D58A4B9A9BF /* TestSandbox.swift in Sources */,
				317AE1D5C714BE792E90567D /* ThinkingLevelTests.swift in Sources */,
				2D07413EC911A8CE3F815B92 /* ThinkingProbeTests.swift in Sources */,
				469A807F9456930643A6FC3F /* UndoBarHostTests.swift in Sources */,
				802A4CBBAADB6CC4B67DC26D /* VisionProbeTests.swift in Sources */,
				0CFE9D883933524A5EB54CB4 /* WAVCodecTests.swift in Sources */,
			);
			runOnlyForDeploymentPostprocessing = 0;
		};
		F1E930C821FCAF281A5B8123 /* Sources */ = {
			isa = PBXSourcesBuildPhase;
			buildActionMask = 2147483647;
			files = (
				784DEB053D973191B37B286F /* APIError.swift in Sources */,
				DEECC1E1EA2220025049C4E4 /* APIErrorParser.swift in Sources */,
				1D5146FFBBC9FB734243ADD1 /* AnswerError.swift in Sources */,
				D095A13028BF84264BE31381 /* AnswerExporter.swift in Sources */,
				1791812751BC07BE95A70C57 /* AnswerHTML.swift in Sources */,
				D19F2F3C2E073C77858CD9D7 /* AttachmentImage.swift in Sources */,
				5AA8E73415E6A637CFE8FD43 /* Bubble.swift in Sources */,
				A3C6BB4D4E0EB7505C4500D3 /* CalendarChoice.swift in Sources */,
				B6363BBBD307D1A4E4900DB6 /* CalendarKit.swift in Sources */,
				7A98879DE1734DE4DD1CB2E0 /* CalendarPlanRefiner.swift in Sources */,
				34D9A1E618C94827989B0ED2 /* CameraPresenter.swift in Sources */,
				7A1E8CA33DF6998453246F3C /* ChartIntent.swift in Sources */,
				4844D70D014BF78CCF7E9974 /* ChartPlan.swift in Sources */,
				0C4B03564C192139377727A4 /* ChartPlanner.swift in Sources */,
				83D500F25448767D5807F18F /* ChatBubbles.swift in Sources */,
				E74F4ED7C267A017637B5A51 /* ChatMarkers.swift in Sources */,
				B880113A0A161ED301CBBDA7 /* ChatResponse.swift in Sources */,
				88F317E1FD375B534703A365 /* ChatRunner.swift in Sources */,
				A9BC3B4FF34AD306BB49C4E8 /* ChatStore.swift in Sources */,
				AB14D0C423A1B0A1E605E402 /* ChatView.swift in Sources */,
				967558827196F54A0A1F630C /* ConversationMemory.swift in Sources */,
				29F9BFD045F44DDFD980469E /* ConversationPersistence.swift in Sources */,
				4B688D44257C3FD47EED97BC /* ConversationTranscript.swift in Sources */,
				24EA44FDEEE5CEF46CACA147 /* DebugFeatureProbes.swift in Sources */,
				0E5C22474418C00BFD7668AF /* DebugFlowTests.swift in Sources */,
				3AB5ACC9E434FC8C4962C004 /* DebugShareProbe.swift in Sources */,
				D60B4FFD6D35B7A0D3C28F3A /* DebugSweep.swift in Sources */,
				49FDE155C1FBBCF8B3E3E3C3 /* DebugViewerProbe.swift in Sources */,
				AF6DDAC9CF2C69F8E4A6A95B /* Flag.swift in Sources */,
				0D4FE04012E1D23C846EFC8E /* FollowUpResolver.swift in Sources */,
				B49FE81D14B42F3BE5590FC8 /* ForegroundReturnTracker.swift in Sources */,
				56BB4799B86251640FEBA0A4 /* Formatters.swift in Sources */,
				2887B9BB59B2B6B242FB91A4 /* GwenMobileApp.swift in Sources */,
				444B91184F8A81D6C3B8A8F0 /* HTTP.swift in Sources */,
				CE3204521E67734D0FF87D5C /* HistoryCleaner.swift in Sources */,
				4716818C0A85F832DBD1F518 /* HistoryView.swift in Sources */,
				AECB486825A76ACFF9A964E3 /* ImageDelivery.swift in Sources */,
				737A67D2F1AFE983CEFEA500 /* ImageFeed.swift in Sources */,
				F9E7DE77A06E1A288DB42400 /* ImagePolicy.swift in Sources */,
				891D1A5968CD2D5BBAC94338 /* ImagePreviewTarget.swift in Sources */,
				471EBD8FACE73E6509EC8BDA /* ImagePromptComposer.swift in Sources */,
				5E3AC814113E953824FFF5C8 /* ImageViewerModel.swift in Sources */,
				D08C4D26777D343E9CB636E2 /* ImageViewerView.swift in Sources */,
				32E2AD0548CA060AF328C825 /* ImageZoomScrollView.swift in Sources */,
				9100D965DEFC09EBFF911759 /* IntentHeuristics.swift in Sources */,
				30F8A34300C813A43C157CBD /* L10n.swift in Sources */,
				143B3025ED6B281C35EAE1A0 /* MarkdownRenderer.swift in Sources */,
				CC1FD5FED96DCFFE5397E101 /* MediaStore.swift in Sources */,
				D5F6A954320639BB55A57881 /* ModelFilter.swift in Sources */,
				A479D0B272583185A7FF7CDB /* ModelProbe.swift in Sources */,
				D9DF6A3DEC1FE4E9248AED18 /* Models.swift in Sources */,
				4ACE80CB7B02FE10F06A3082 /* Offload.swift in Sources */,
				B4E600BCF07641BD03C860BC /* PerfMonitoring.swift in Sources */,
				CA643313BC2ABC15690446B7 /* PictureDirector.swift in Sources */,
				00DFED8633DF38E283A45281 /* PictureOrdinals.swift in Sources */,
				67181EB4A29BEB667F2B3C83 /* Presenter.swift in Sources */,
				2FBA7C55E37B7478597F710E /* ProcessingIndicator.swift in Sources */,
				EF39A9BA2B94E09A696C60B7 /* Prompts.swift in Sources */,
				BC2E76669B13C2E6BCA36A1A /* QwenAPI.swift in Sources */,
				401CF7474F5CEC776A42ADB2 /* RatioStore.swift in Sources */,
				2A48BE12FC0D4FA84BFC0338 /* RealtimeClient.swift in Sources */,
				D2C15045B7164DF9AC6D6DEC /* SendRouter.swift in Sources */,
				B6EA81C47137497A80870EE4 /* Settings.swift in Sources */,
				5FD429C1BB22B587E82E21D0 /* SettingsView.swift in Sources */,
				04A77776258C30F47925C094 /* ShareSession.swift in Sources */,
				3C302BFBF7BBB0E2EB26E740 /* SpeechSynthesizer.swift in Sources */,
				CA539A27125961338D5BB704 /* StoragePaths.swift in Sources */,
				087ECFAF7D87DF1543140620 /* StorageUsage.swift in Sources */,
				D8EE405812A5A8818D8A9E79 /* StreamThrottle.swift in Sources */,
				19F7DEC490D7611636F633C4 /* SystemPrompt.swift in Sources */,
				E828C2BA66F0939874A7AFD5 /* ThinkingLevel.swift in Sources */,
				B499B6BE758F361CB741A9B2 /* ThinkingProbe.swift in Sources */,
				C0738CBBFA40E347C2145DFC /* UndoBar.swift in Sources */,
				F87FDC352ECF9064E809F187 /* VisionProbe.swift in Sources */,
				6A469E31EE3B5AB4B2D7549D /* VoiceTranscriber.swift in Sources */,
				5856F4385D9902CF57E8D67A /* WAVCodec.swift in Sources */,
				5DF6EFE75B15658926C7E022 /* WebResearch.swift in Sources */,
				D91F239DCD1C199D10F42B0C /* WebSearch.swift in Sources */,
				FEF89A1B04FB6EB9D8D18646 /* ZoomGeometry.swift in Sources */,
				C26FDF35E704138EC95F2BE6 /* ZoomableImageView.swift in Sources */,
			);
			runOnlyForDeploymentPostprocessing = 0;
		};
/* End PBXSourcesBuildPhase section */

/* Begin PBXTargetDependency section */
		B7D5EA20546D056CE11FD292 /* PBXTargetDependency */ = {
			isa = PBXTargetDependency;
			target = B058D9E107D6D04A43FC4A77 /* GwenMobile */;
			targetProxy = 63AE6A0CCAC865F461D4F739 /* PBXContainerItemProxy */;
		};
/* End PBXTargetDependency section */

/* Begin XCBuildConfiguration section */
		0F3EE7024C7B07965F81747A /* Debug */ = {
			isa = XCBuildConfiguration;
			buildSettings = {
				BUNDLE_LOADER = "$(TEST_HOST)";
				DEVELOPMENT_TEAM = HDR2ZP983J;
				GENERATE_INFOPLIST_FILE = YES;
				LD_RUNPATH_SEARCH_PATHS = (
					"$(inherited)",
					"@executable_path/Frameworks",
					"@loader_path/Frameworks",
				);
				PRODUCT_BUNDLE_IDENTIFIER = com.mortis.GwenMobileTests;
				SDKROOT = iphoneos;
				SWIFT_VERSION = 6.0;
				TARGETED_DEVICE_FAMILY = "1,2";
				TEST_HOST = "$(BUILT_PRODUCTS_DIR)/GwenMobile.app/$(BUNDLE_EXECUTABLE_FOLDER_PATH)/GwenMobile";
			};
			name = Debug;
		};
		3CBB0E1FCAAEB99485E97C5B /* Release */ = {
			isa = XCBuildConfiguration;
			buildSettings = {
				ALWAYS_SEARCH_USER_PATHS = NO;
				CLANG_ANALYZER_NONNULL = YES;
				CLANG_ANALYZER_NUMBER_OBJECT_CONVERSION = YES_AGGRESSIVE;
				CLANG_CXX_LANGUAGE_STANDARD = "gnu++14";
				CLANG_CXX_LIBRARY = "libc++";
				CLANG_ENABLE_MODULES = YES;
				CLANG_ENABLE_OBJC_ARC = YES;
				CLANG_ENABLE_OBJC_WEAK = YES;
				CLANG_WARN_BLOCK_CAPTURE_AUTORELEASING = YES;
				CLANG_WARN_BOOL_CONVERSION = YES;
				CLANG_WARN_COMMA = YES;
				CLANG_WARN_CONSTANT_CONVERSION = YES;
				CLANG_WARN_DEPRECATED_OBJC_IMPLEMENTATIONS = YES;
				CLANG_WARN_DIRECT_OBJC_ISA_USAGE = YES_ERROR;
				CLANG_WARN_DOCUMENTATION_COMMENTS = YES;
				CLANG_WARN_EMPTY_BODY = YES;
				CLANG_WARN_ENUM_CONVERSION = YES;
				CLANG_WARN_INFINITE_RECURSION = YES;
				CLANG_WARN_INT_CONVERSION = YES;
				CLANG_WARN_NON_LITERAL_NULL_CONVERSION = YES;
				CLANG_WARN_OBJC_IMPLICIT_RETAIN_SELF = YES;
				CLANG_WARN_OBJC_LITERAL_CONVERSION = YES;
				CLANG_WARN_OBJC_ROOT_CLASS = YES_ERROR;
				CLANG_WARN_QUOTED_INCLUDE_IN_FRAMEWORK_HEADER = YES;
				CLANG_WARN_RANGE_LOOP_ANALYSIS = YES;
				CLANG_WARN_STRICT_PROTOTYPES = YES;
				CLANG_WARN_SUSPICIOUS_MOVE = YES;
				CLANG_WARN_UNGUARDED_AVAILABILITY = YES_AGGRESSIVE;
				CLANG_WARN_UNREACHABLE_CODE = YES;
				CLANG_WARN__DUPLICATE_METHOD_MATCH = YES;
				COPY_PHASE_STRIP = NO;
				DEBUG_INFORMATION_FORMAT = "dwarf-with-dsym";
				ENABLE_NS_ASSERTIONS = NO;
				ENABLE_STRICT_OBJC_MSGSEND = YES;
				GCC_C_LANGUAGE_STANDARD = gnu11;
				GCC_NO_COMMON_BLOCKS = YES;
				GCC_WARN_64_TO_32_BIT_CONVERSION = YES;
				GCC_WARN_ABOUT_RETURN_TYPE = YES_ERROR;
				GCC_WARN_UNDECLARED_SELECTOR = YES;
				GCC_WARN_UNINITIALIZED_AUTOS = YES_AGGRESSIVE;
				GCC_WARN_UNUSED_FUNCTION = YES;
				GCC_WARN_UNUSED_VARIABLE = YES;
				IPHONEOS_DEPLOYMENT_TARGET = 17.0;
				MTL_ENABLE_DEBUG_INFO = NO;
				MTL_FAST_MATH = YES;
				PRODUCT_NAME = "$(TARGET_NAME)";
				SDKROOT = iphoneos;
				SWIFT_COMPILATION_MODE = wholemodule;
				SWIFT_OPTIMIZATION_LEVEL = "-O";
				SWIFT_VERSION = 5.0;
			};
			name = Release;
		};
		58FF5CBEBD7EE470786FB2CC /* Debug */ = {
			isa = XCBuildConfiguration;
			buildSettings = {
				ASSETCATALOG_COMPILER_APPICON_NAME = AppIcon;
				CODE_SIGN_IDENTITY = "iPhone Developer";
				CODE_SIGN_STYLE = Automatic;
				DEVELOPMENT_TEAM = HDR2ZP983J;
				GENERATE_INFOPLIST_FILE = NO;
				INFOPLIST_FILE = GwenMobile/Info.plist;
				LD_RUNPATH_SEARCH_PATHS = (
					"$(inherited)",
					"@executable_path/Frameworks",
				);
				PRODUCT_BUNDLE_IDENTIFIER = com.mortis.gwenmobile;
				PRODUCT_NAME = GwenMobile;
				SDKROOT = iphoneos;
				SWIFT_VERSION = 6.0;
				TARGETED_DEVICE_FAMILY = "1,2";
			};
			name = Debug;
		};
		86F620524091D9C1FFF4F7BE /* Debug */ = {
			isa = XCBuildConfiguration;
			buildSettings = {
				ALWAYS_SEARCH_USER_PATHS = NO;
				CLANG_ANALYZER_NONNULL = YES;
				CLANG_ANALYZER_NUMBER_OBJECT_CONVERSION = YES_AGGRESSIVE;
				CLANG_CXX_LANGUAGE_STANDARD = "gnu++14";
				CLANG_CXX_LIBRARY = "libc++";
				CLANG_ENABLE_MODULES = YES;
				CLANG_ENABLE_OBJC_ARC = YES;
				CLANG_ENABLE_OBJC_WEAK = YES;
				CLANG_WARN_BLOCK_CAPTURE_AUTORELEASING = YES;
				CLANG_WARN_BOOL_CONVERSION = YES;
				CLANG_WARN_COMMA = YES;
				CLANG_WARN_CONSTANT_CONVERSION = YES;
				CLANG_WARN_DEPRECATED_OBJC_IMPLEMENTATIONS = YES;
				CLANG_WARN_DIRECT_OBJC_ISA_USAGE = YES_ERROR;
				CLANG_WARN_DOCUMENTATION_COMMENTS = YES;
				CLANG_WARN_EMPTY_BODY = YES;
				CLANG_WARN_ENUM_CONVERSION = YES;
				CLANG_WARN_INFINITE_RECURSION = YES;
				CLANG_WARN_INT_CONVERSION = YES;
				CLANG_WARN_NON_LITERAL_NULL_CONVERSION = YES;
				CLANG_WARN_OBJC_IMPLICIT_RETAIN_SELF = YES;
				CLANG_WARN_OBJC_LITERAL_CONVERSION = YES;
				CLANG_WARN_OBJC_ROOT_CLASS = YES_ERROR;
				CLANG_WARN_QUOTED_INCLUDE_IN_FRAMEWORK_HEADER = YES;
				CLANG_WARN_RANGE_LOOP_ANALYSIS = YES;
				CLANG_WARN_STRICT_PROTOTYPES = YES;
				CLANG_WARN_SUSPICIOUS_MOVE = YES;
				CLANG_WARN_UNGUARDED_AVAILABILITY = YES_AGGRESSIVE;
				CLANG_WARN_UNREACHABLE_CODE = YES;
				CLANG_WARN__DUPLICATE_METHOD_MATCH = YES;
				COPY_PHASE_STRIP = NO;
				DEBUG_INFORMATION_FORMAT = dwarf;
				ENABLE_STRICT_OBJC_MSGSEND = YES;
				ENABLE_TESTABILITY = YES;
				GCC_C_LANGUAGE_STANDARD = gnu11;
				GCC_DYNAMIC_NO_PIC = NO;
				GCC_NO_COMMON_BLOCKS = YES;
				GCC_OPTIMIZATION_LEVEL = 0;
				GCC_PREPROCESSOR_DEFINITIONS = (
					"$(inherited)",
					"DEBUG=1",
				);
				GCC_WARN_64_TO_32_BIT_CONVERSION = YES;
				GCC_WARN_ABOUT_RETURN_TYPE = YES_ERROR;
				GCC_WARN_UNDECLARED_SELECTOR = YES;
				GCC_WARN_UNINITIALIZED_AUTOS = YES_AGGRESSIVE;
				GCC_WARN_UNUSED_FUNCTION = YES;
				GCC_WARN_UNUSED_VARIABLE = YES;
				IPHONEOS_DEPLOYMENT_TARGET = 17.0;
				MTL_ENABLE_DEBUG_INFO = INCLUDE_SOURCE;
				MTL_FAST_MATH = YES;
				ONLY_ACTIVE_ARCH = YES;
				PRODUCT_NAME = "$(TARGET_NAME)";
				SDKROOT = iphoneos;
				SWIFT_ACTIVE_COMPILATION_CONDITIONS = DEBUG;
				SWIFT_OPTIMIZATION_LEVEL = "-Onone";
				SWIFT_VERSION = 5.0;
			};
			name = Debug;
		};
		89DDA67F00CF8ECD2149275D /* Release */ = {
			isa = XCBuildConfiguration;
			buildSettings = {
				BUNDLE_LOADER = "$(TEST_HOST)";
				DEVELOPMENT_TEAM = HDR2ZP983J;
				GENERATE_INFOPLIST_FILE = YES;
				LD_RUNPATH_SEARCH_PATHS = (
					"$(inherited)",
					"@executable_path/Frameworks",
					"@loader_path/Frameworks",
				);
				PRODUCT_BUNDLE_IDENTIFIER = com.mortis.GwenMobileTests;
				SDKROOT = iphoneos;
				SWIFT_VERSION = 6.0;
				TARGETED_DEVICE_FAMILY = "1,2";
				TEST_HOST = "$(BUILT_PRODUCTS_DIR)/GwenMobile.app/$(BUNDLE_EXECUTABLE_FOLDER_PATH)/GwenMobile";
			};
			name = Release;
		};
		E17002274D02E9165FF92AB6 /* Release */ = {
			isa = XCBuildConfiguration;
			buildSettings = {
				ASSETCATALOG_COMPILER_APPICON_NAME = AppIcon;
				CODE_SIGN_IDENTITY = "iPhone Developer";
				CODE_SIGN_STYLE = Automatic;
				DEVELOPMENT_TEAM = HDR2ZP983J;
				GENERATE_INFOPLIST_FILE = NO;
				INFOPLIST_FILE = GwenMobile/Info.plist;
				LD_RUNPATH_SEARCH_PATHS = (
					"$(inherited)",
					"@executable_path/Frameworks",
				);
				PRODUCT_BUNDLE_IDENTIFIER = com.mortis.gwenmobile;
				PRODUCT_NAME = GwenMobile;
				SDKROOT = iphoneos;
				SWIFT_VERSION = 6.0;
				TARGETED_DEVICE_FAMILY = "1,2";
			};
			name = Release;
		};
/* End XCBuildConfiguration section */

/* Begin XCConfigurationList section */
		10EB1BDCB7F7129B662CB2E9 /* Build configuration list for PBXNativeTarget "GwenMobile" */ = {
			isa = XCConfigurationList;
			buildConfigurations = (
				58FF5CBEBD7EE470786FB2CC /* Debug */,
				E17002274D02E9165FF92AB6 /* Release */,
			);
			defaultConfigurationIsVisible = 0;
			defaultConfigurationName = Debug;
		};
		6CF0D3C6216BF38C4AF6F7D1 /* Build configuration list for PBXNativeTarget "GwenMobileTests" */ = {
			isa = XCConfigurationList;
			buildConfigurations = (
				0F3EE7024C7B07965F81747A /* Debug */,
				89DDA67F00CF8ECD2149275D /* Release */,
			);
			defaultConfigurationIsVisible = 0;
			defaultConfigurationName = Debug;
		};
		A1A89EE727B27C7DA181CF20 /* Build configuration list for PBXProject "GwenMobile" */ = {
			isa = XCConfigurationList;
			buildConfigurations = (
				86F620524091D9C1FFF4F7BE /* Debug */,
				3CBB0E1FCAAEB99485E97C5B /* Release */,
			);
			defaultConfigurationIsVisible = 0;
			defaultConfigurationName = Debug;
		};
/* End XCConfigurationList section */
	};
	rootObject = BA82DEA0B110B810B1A5ABB3 /* Project object */;
}
